---
- name: grouping related tasks with block
  hosts: all
  tasks:
    - name: Install and start apache
      block:
        - name: Install Apache on ubuntu
          apt:
            name: apache2
            state: present
        - name: Start and enable http
          service:
            name: httpd
            state: started
            enabled: yes
    - name: This task outside the block
      debug:
        msg: "I am outside the block now ..."    